{
  "nodes": {
    "brew-src": {
      "flake": false,
      "locked": {
        "lastModified": 1786945682,
        "narHash": "sha256-VBESSoJccikdhxh3vp3SQeG7cZXTOulMvVkoSqNDEhs=",
        "owner": "Homebrew",
        "repo": "brew",
        "rev": "5b90e281d4e0c8fbd6ca4d8358276fb305b8d0bd",
        "type": "github"
      },
      "original": {
        "owner": "Homebrew",
        "ref": "6.0.18",
        "repo": "brew",
        "type": "github"
      }
    },
    "fenix": {
      "inputs": {
        "nixpkgs": [
          "nixpkgs"
        ],
        "rust-analyzer-src": "rust-analyzer-src"
      },
      "locked": {
        "lastModified": 1787381277,
        "narHash": "sha256-ZTCk8w6UKzlWSJiFtQTy+HahC79d/p5kh97prdRkkHE=",
        "owner": "nix-community",
        "repo": "fenix",
        "rev": "eacb66f3a1e40cc5ac88ef588ed6bc9bbff1c79c",
        "type": "github"
      },
      "original": {
        "owner": "nix-community",
        "repo": "fenix",
        "type": "github"
      }
    },
    "mautrix-meta-homelab": {
      "flake": false,
      "locked": {
        "lastModified": 1786583160,
        "narHash": "sha256-xWSPKkBUV8XKxxfYkuxC92S1peILtA4gibd1oRXsuaM=",
        "ref": "main",
        "rev": "5b430ab2166290d002fbfc293832d504687820a5",
        "revCount": 985,
        "type": "git",
        "url": "file:///home/rishabh/Projects/mautrix-meta"
      },
      "original": {
        "ref": "main",
        "type": "git",
        "url": "file:///home/rishabh/Projects/mautrix-meta"
      }
    },
    "nix-darwin": {
      "inputs": {
        "nixpkgs": [
          "nixpkgs"
        ]
      },
      "locked": {
        "lastModified": 1783744694,
        "narHash": "sha256-2cp6N3rrwnGYLTx9l6N+NI+kwrCWxvJUbj5WJhvB29A=",
        "owner": "nix-darwin",
        "repo": "nix-darwin",
        "rev": "c3e90c89649b07d1a96e4b9dd6cd0d6e44b91a74",
        "type": "github"
      },
      "original": {
        "owner": "nix-darwin",
        "ref": "nix-darwin-26.05",
        "repo": "nix-darwin",
        "type": "github"
      }
    },
    "nix-homebrew": {
      "inputs": {
        "brew-src": "brew-src"
      },
      "locked": {
        "lastModified": 1787330919,
        "narHash": "sha256-LslMncqN7uOOH5S88WZtO/EVt2HwD8ltUnfyANk+mC0=",
        "owner": "zhaofengli-wip",
        "repo": "nix-homebrew",
        "rev": "b00218e4aec0e5bf07d61a0bb13f842faa582d7b",
        "type": "github"
      },
      "original": {
        "owner": "zhaofengli-wip",
        "repo": "nix-homebrew",
        "type": "github"
      }
    },
    "nixpkgs": {
      "locked": {
        "lastModified": 1780902259,
        "narHash": "sha256-q8yYEC5f1mFlQO9RGna4LTc9QrcvWunX6FYp83munkQ=",
        "owner": "NixOS",
        "repo": "nixpkgs",
        "rev": "bd0ff2d3eac24699c3664d5966b9ef36f388e2ca",
        "type": "github"
      },
      "original": {
        "owner": "NixOS",
        "ref": "nixos-26.05",
        "repo": "nixpkgs",
        "type": "github"
      }
    },
    "nixpkgs-unstable": {
      "locked": {
        "lastModified": 1785967620,
        "narHash": "sha256-IItrdb7Puk05RqOBWZYFC5X6Wl1sJmCfh5MWVHw5iMM=",
        "owner": "NixOS",
        "repo": "nixpkgs",
        "rev": "b7c2ada94fe99c15b0dbcf4d11fd7850b957a436",
        "type": "github"
      },
      "original": {
        "owner": "NixOS",
        "ref": "nixos-unstable",
        "repo": "nixpkgs",
        "type": "github"
      }
    },
    "root": {
      "inputs": {
        "fenix": "fenix",
        "mautrix-meta-homelab": "mautrix-meta-homelab",
        "nix-darwin": "nix-darwin",
        "nix-homebrew": "nix-homebrew",
        "nixpkgs": "nixpkgs",
        "nixpkgs-unstable": "nixpkgs-unstable",
        "sops-nix": "sops-nix",
        "tabby-terminal": "tabby-terminal",
        "zen-browser": "zen-browser"
      }
    },
    "rust-analyzer-src": {
      "flake": false,
      "locked": {
        "lastModified": 1787308443,
        "narHash": "sha256-Ou4Up06Sr6pm+Q3nKm0zZdqajHXM9sCSRNrOhE3Fm7g=",
        "owner": "rust-lang",
        "repo": "rust-analyzer",
        "rev": "d2e55da49132fa70a13dfbdc99122432b02cf464",
        "type": "github"
      },
      "original": {
        "owner": "rust-lang",
        "ref": "nightly",
        "repo": "rust-analyzer",
        "type": "github"
      }
    },
    "sops-nix": {
      "inputs": {
        "nixpkgs": [
          "nixpkgs"
        ]
      },
      "locked": {
        "lastModified": 1780547341,
        "narHash": "sha256-Gq8KNx5A7hBB3uGJaj6eQfLDIz5YdLu92gqBcvHvoUo=",
        "owner": "Mic92",
        "repo": "sops-nix",
        "rev": "9ed65852b6257fbeae4355bc24ecfea307ca759a",
        "type": "github"
      },
      "original": {
        "owner": "Mic92",
        "repo": "sops-nix",
        "type": "github"
      }
    },
    "tabby-terminal": {
      "flake": false,
      "locked": {
        "lastModified": 1783933043,
        "narHash": "sha256-6v64gYXXF8i6qJ49tMjrXsov8ePiSQR8YQ8c3b/0JKo=",
        "ref": "master",
        "rev": "14e2d60b9b6dee84a53c37f05eefeb803787de04",
        "revCount": 6513,
        "type": "git",
        "url": "file:///home/rishabh/Projects/tabby"
      },
      "original": {
        "ref": "master",
        "type": "git",
        "url": "file:///home/rishabh/Projects/tabby"
      }
    },
    "zen-browser": {
      "flake": false,
      "locked": {
        "lastModified": 1787298289,
        "narHash": "sha256-Z/mUiymNCeX8uruVTgONhuWK+43R5lftqda8IkrZ0WM=",
        "ref": "dev",
        "rev": "e66e763e634044823d64269d558b1e719d90d915",
        "revCount": 6947,
        "type": "git",
        "url": "file:///home/rishabh/Projects/zen-browser"
      },
      "original": {
        "ref": "dev",
        "type": "git",
        "url": "file:///home/rishabh/Projects/zen-browser"
      }
    }
  },
  "root": "root",
  "version": 7
}
