{
  "name": "homelab-tabby-plugins",
  "version": "1.0.0",
  "lockfileVersion": 3,
  "requires": true,
  "packages": {
    "": {
      "name": "homelab-tabby-plugins",
      "version": "1.0.0",
      "dependencies": {
        "tabby-agent-chat": "1.0.2",
        "tabby-docker": "0.2.0",
        "tabby-docker-console": "0.1.4",
        "tabby-workspace-manager": "0.0.4"
      }
    },
    "node_modules/tabby-agent-chat": {
      "version": "1.0.2",
      "resolved": "https://registry.npmjs.org/tabby-agent-chat/-/tabby-agent-chat-1.0.2.tgz",
      "integrity": "sha512-Oj3KMO5VqmfzFUzvI9+HGvm6pcLkP8lCJdn3BbRo+rpiMcHksVBVeqEe/D7Y0ZXIxufK1vHuquWNExPjAEON+w==",
      "license": "MIT"
    },
    "node_modules/tabby-docker": {
      "version": "0.2.0",
      "resolved": "https://registry.npmjs.org/tabby-docker/-/tabby-docker-0.2.0.tgz",
      "integrity": "sha512-kEDZI33Xt7NnncPDhhbqREP809YevCnoVRYhzACvAkteODWorABCoKEuOrfi2I3DDwCHcMk0+fM0nCWy5C/JVg==",
      "license": "MIT",
      "peerDependencies": {
        "@angular/core": "^4.0.1"
      }
    },
    "node_modules/tabby-docker-console": {
      "version": "0.1.4",
      "resolved": "https://registry.npmjs.org/tabby-docker-console/-/tabby-docker-console-0.1.4.tgz",
      "integrity": "sha512-NoFklOowp7KIKI9IEOfCJjZgWwSfp6g0mxs00AvTxV6D2nllaLUunzBMSk+LjYS4tbm6lSzX5x5//8LQc7IGQw==",
      "license": "MIT",
      "peerDependencies": {
        "@angular/core": ">=7.0.0",
        "tabby-core": ">=1.0.0",
        "tabby-ssh": ">=1.0.0"
      }
    },
    "node_modules/tabby-workspace-manager": {
      "version": "0.0.4",
      "resolved": "https://registry.npmjs.org/tabby-workspace-manager/-/tabby-workspace-manager-0.0.4.tgz",
      "integrity": "sha512-O3etFcZxw68ZieS1q8VM01IW0M+rMyyBJpghYhz7WtNyckxfO/ir4AuXfb/kFz9ozOmI33/ff3UMY8yJjIJ6qw==",
      "license": "MIT"
    }
  }
}
